{
    "_readme": [
        "This file locks the dependencies of your project to a known state",
        "Read more about it at https://getcomposer.org/doc/01-basic-usage.md#composer-lock-the-lock-file",
        "This file is @generated automatically"
    ],
    "hash": "1b2ff13d5ad400676706016c312c8aa6",
    "content-hash": "983a5f6a76345359809965f3c32e62af",
    "packages": [
        {
            "name": "bower-asset/codemirror",
            "version": "5.21.0",
            "source": {
                "type": "git",
                "url": "https://github.com/components/codemirror.git",
                "reference": "e2f8466a372b7295432c92a11316768fdf9c4d40"
            },
            "dist": {
                "type": "zip",
                "url": "https://api.github.com/repos/components/codemirror/zipball/e2f8466a372b7295432c92a11316768fdf9c4d40",
                "reference": "e2f8466a372b7295432c92a11316768fdf9c4d40",
                "shasum": ""
            },
            "type": "bower-asset-library"
        },
        {
            "name": "fxp/composer-asset-plugin",
            "version": "v1.2.2",
            "source": {
                "type": "git",
                "url": "https://github.com/fxpio/composer-asset-plugin.git",
                "reference": "60bc94db574103dfc73acb907fa79c6dfc86c96e"
            },
            "dist": {
                "type": "zip",
                "url": "https://api.github.com/repos/fxpio/composer-asset-plugin/zipball/60bc94db574103dfc73acb907fa79c6dfc86c96e",
                "reference": "60bc94db574103dfc73acb907fa79c6dfc86c96e",
                "shasum": ""
            },
            "require": {
                "composer-plugin-api": "^1.0",
                "php": ">=5.3.3"
            },
            "require-dev": {
                "composer/composer": "^1.0.0"
            },
            "type": "composer-plugin",
            "extra": {
                "class": "Fxp\\Composer\\AssetPlugin\\FxpAssetPlugin",
                "branch-alias": {
                    "dev-master": "1.2-dev"
                }
            },
            "autoload": {
                "psr-4": {
                    "Fxp\\Composer\\AssetPlugin\\": ""
                }
            },
            "notification-url": "https://packagist.org/downloads/",
            "license": [
                "MIT"
            ],
            "authors": [
                {
                    "name": "François Pluchino",
                    "email": "francois.pluchino@gmail.com"
                }
            ],
            "description": "NPM/Bower Dependency Manager for Composer",
            "homepage": "https://github.com/fxpio/composer-asset-plugin",
            "keywords": [
                "asset",
                "bower",
                "composer",
                "dependency manager",
                "nodejs",
                "npm",
                "package"
            ],
            "time": "2016-10-12 08:03:45"
        },
        {
            "name": "phpmyadmin/sql-parser",
            "version": "v3.4.14",
            "source": {
                "type": "git",
                "url": "https://github.com/phpmyadmin/sql-parser.git",
                "reference": "7078697d6dde394cdfec16e0e7e8c4194f50149a"
            },
            "dist": {
                "type": "zip",
                "url": "https://api.github.com/repos/phpmyadmin/sql-parser/zipball/7078697d6dde394cdfec16e0e7e8c4194f50149a",
                "reference": "7078697d6dde394cdfec16e0e7e8c4194f50149a",
                "shasum": ""
            },
            "require": {
                "ext-mbstring": "*",
                "php": ">=5.3.0"
            },
            "require-dev": {
                "phpunit/php-code-coverage": "~2.0 || ~3.0",
                "phpunit/phpunit": "~4.8 || ~5.1"
            },
            "bin": [
                "bin/highlight-query",
                "bin/lint-query"
            ],
            "type": "library",
            "autoload": {
                "psr-4": {
                    "SqlParser\\": "src"
                }
            },
            "notification-url": "https://packagist.org/downloads/",
            "license": [
                "GPL-2.0+"
            ],
            "authors": [
                {
                    "name": "The phpMyAdmin Team",
                    "email": "developers@phpmyadmin.net",
                    "homepage": "https://www.phpmyadmin.net/team/"
                }
            ],
            "description": "A validating SQL lexer and parser with a focus on MySQL dialect.",
            "homepage": "https://github.com/phpmyadmin/sql-parser",
            "keywords": [
                "analysis",
                "lexer",
                "parser",
                "sql"
            ],
            "time": "2016-11-30 10:49:56"
        }
    ],
    "packages-dev": [],
    "aliases": [],
    "minimum-stability": "stable",
    "stability-flags": [],
    "prefer-stable": false,
    "prefer-lowest": false,
    "platform": [],
    "platform-dev": []
}
